
Microsoft Visual Studio Solution File, Format Version 12.00
# Visual Studio Version 17
VisualStudioVersion = 17.8.34601.278
MinimumVisualStudioVersion = 10.0.40219.1
Project("{FAE04EC0-301F-11D3-BF4B-00C04F79EFBC}") = "PizzaStoreDaniel", "PizzaStoreDaniel\PizzaStoreDaniel.csproj", "{28C063E2-F06D-4EBA-A401-BF45FD6EF406}"
EndProject
Global
	GlobalSection(SolutionConfigurationPlatforms) = preSolution
		Debug|Any CPU = Debug|Any CPU
		Release|Any CPU = Release|Any CPU
	EndGlobalSection
	GlobalSection(ProjectConfigurationPlatforms) = postSolution
		{28C063E2-F06D-4EBA-A401-BF45FD6EF406}.Debug|Any CPU.ActiveCfg = Debug|Any CPU
		{28C063E2-F06D-4EBA-A401-BF45FD6EF406}.Debug|Any CPU.Build.0 = Debug|Any CPU
		{28C063E2-F06D-4EBA-A401-BF45FD6EF406}.Release|Any CPU.ActiveCfg = Release|Any CPU
		{28C063E2-F06D-4EBA-A401-BF45FD6EF406}.Release|Any CPU.Build.0 = Release|Any CPU
	EndGlobalSection
	GlobalSection(SolutionProperties) = preSolution
		HideSolutionNode = FALSE
	EndGlobalSection
	GlobalSection(ExtensibilityGlobals) = postSolution
		SolutionGuid = {3BF0726A-6B23-4EF7-AF7A-AD09CD7C8433}
	EndGlobalSection
EndGlobal
